// !$*UTF8*$!
{
	archiveVersion = 1;
	classes = {
	};
	objectVersion = 51;
	objects = {

/* Begin PBXBuildFile section */
		53352C582408741B0098A119 /* TreeNode.swift in Sources */ = {isa = PBXBuildFile; fileRef = 53352C572408741B0098A119 /* TreeNode.swift */; };
		5339B40F244E591700DC8F96 /* SchemaObject.swift in Sources */ = {isa = PBXBuildFile; fileRef = 5339B40E244E591700DC8F96 /* SchemaObject.swift */; };
		5339B4122450C3DE00DC8F96 /* EurekaManager.swift in Sources */ = {isa = PBXBuildFile; fileRef = 5339B4112450C3DE00DC8F96 /* EurekaManager.swift */; };
		5340CE522402BEFB003DBD84 /* SchemaNodeWrapper.swift in Sources */ = {isa = PBXBuildFile; fileRef = 5340CE512402BEFB003DBD84 /* SchemaNodeWrapper.swift */; };
		5340CE542402BFA5003DBD84 /* AnyType.swift in Sources */ = {isa = PBXBuildFile; fileRef = 5340CE532402BFA5003DBD84 /* AnyType.swift */; };
		5366FBB923FAB1D300174DE7 /* SchemaPresentationModel.swift in Sources */ = {isa = PBXBuildFile; fileRef = 5366FBB823FAB1D300174DE7 /* SchemaPresentationModel.swift */; };
		5366FBBC23FABE2900174DE7 /* SchemaTextField.swift in Sources */ = {isa = PBXBuildFile; fileRef = 5366FBBB23FABE2900174DE7 /* SchemaTextField.swift */; };
		5372984A23FBF56100044CF3 /* SchemaBool.swift in Sources */ = {isa = PBXBuildFile; fileRef = 5372984923FBF56100044CF3 /* SchemaBool.swift */; };
		5372984C23FC00B000044CF3 /* SchemaEnum.swift in Sources */ = {isa = PBXBuildFile; fileRef = 5372984B23FC00B000044CF3 /* SchemaEnum.swift */; };
		5383F1482434D2190057EACF /* SubmitNode.swift in Sources */ = {isa = PBXBuildFile; fileRef = 5383F1472434D2190057EACF /* SubmitNode.swift */; };
		538D7E22243C8E5900B7825E /* SchemaArray.swift in Sources */ = {isa = PBXBuildFile; fileRef = 538D7E21243C8E5900B7825E /* SchemaArray.swift */; };
		5392196E2443407B00865562 /* SchemaEnumData.swift in Sources */ = {isa = PBXBuildFile; fileRef = 5392196D2443407B00865562 /* SchemaEnumData.swift */; };
		53D19EC024040B9800733B0C /* DataEnum.swift in Sources */ = {isa = PBXBuildFile; fileRef = 53D19EBF24040B9800733B0C /* DataEnum.swift */; };
		53F8C42423F16AF30024CED4 /* AppDelegate.swift in Sources */ = {isa = PBXBuildFile; fileRef = 53F8C42323F16AF30024CED4 /* AppDelegate.swift */; };
		53F8C42823F16AF30024CED4 /* ViewController.swift in Sources */ = {isa = PBXBuildFile; fileRef = 53F8C42723F16AF30024CED4 /* ViewController.swift */; };
		53F8C42B23F16AF30024CED4 /* Main.storyboard in Resources */ = {isa = PBXBuildFile; fileRef = 53F8C42923F16AF30024CED4 /* Main.storyboard */; };
		53F8C42D23F16AF60024CED4 /* Assets.xcassets in Resources */ = {isa = PBXBuildFile; fileRef = 53F8C42C23F16AF60024CED4 /* Assets.xcassets */; };
		53F8C43023F16AF60024CED4 /* LaunchScreen.storyboard in Resources */ = {isa = PBXBuildFile; fileRef = 53F8C42E23F16AF60024CED4 /* LaunchScreen.storyboard */; };
		53F8C43B23F16AF60024CED4 /* iOS_truformsTests.swift in Sources */ = {isa = PBXBuildFile; fileRef = 53F8C43A23F16AF60024CED4 /* iOS_truformsTests.swift */; };
		53F8C44623F16AF60024CED4 /* iOS_truformsUITests.swift in Sources */ = {isa = PBXBuildFile; fileRef = 53F8C44523F16AF60024CED4 /* iOS_truformsUITests.swift */; };
		53F8C46623F1A2EC0024CED4 /* BasePresenter.swift in Sources */ = {isa = PBXBuildFile; fileRef = 53F8C45D23F1A2EC0024CED4 /* BasePresenter.swift */; };
		53F8C46723F1A2EC0024CED4 /* BaseViewController.swift in Sources */ = {isa = PBXBuildFile; fileRef = 53F8C45F23F1A2EC0024CED4 /* BaseViewController.swift */; };
		53F8C46823F1A2EC0024CED4 /* BaseConfig.swift in Sources */ = {isa = PBXBuildFile; fileRef = 53F8C46123F1A2EC0024CED4 /* BaseConfig.swift */; };
		53F8C46923F1A2EC0024CED4 /* SchemaNode.swift in Sources */ = {isa = PBXBuildFile; fileRef = 53F8C46323F1A2EC0024CED4 /* SchemaNode.swift */; };
		53F8C46A23F1A2EC0024CED4 /* Interactor.swift in Sources */ = {isa = PBXBuildFile; fileRef = 53F8C46523F1A2EC0024CED4 /* Interactor.swift */; };
		53F8C46F23F1A3360024CED4 /* Responsable.swift in Sources */ = {isa = PBXBuildFile; fileRef = 53F8C46C23F1A3360024CED4 /* Responsable.swift */; };
		53F8C47023F1A3360024CED4 /* Result.swift in Sources */ = {isa = PBXBuildFile; fileRef = 53F8C46D23F1A3360024CED4 /* Result.swift */; };
		53F8C47123F1A3360024CED4 /* KeyedDecodingContainer+Extension.swift in Sources */ = {isa = PBXBuildFile; fileRef = 53F8C46E23F1A3360024CED4 /* KeyedDecodingContainer+Extension.swift */; };
		53F8C48123F1AA780024CED4 /* SchemaNodeTarget.swift in Sources */ = {isa = PBXBuildFile; fileRef = 53F8C47323F1AA770024CED4 /* SchemaNodeTarget.swift */; };
		53F8C48423F1AA780024CED4 /* SchemaNodeInteractor.swift in Sources */ = {isa = PBXBuildFile; fileRef = 53F8C47823F1AA770024CED4 /* SchemaNodeInteractor.swift */; };
		53F8C48523F1AA780024CED4 /* SchemaNodePresenter.swift in Sources */ = {isa = PBXBuildFile; fileRef = 53F8C47A23F1AA770024CED4 /* SchemaNodePresenter.swift */; };
		53F8C48623F1AA780024CED4 /* SchemaNodeConstants.swift in Sources */ = {isa = PBXBuildFile; fileRef = 53F8C47C23F1AA770024CED4 /* SchemaNodeConstants.swift */; };
		53F8C48723F1AA780024CED4 /* SchemaNodeViewController.swift in Sources */ = {isa = PBXBuildFile; fileRef = 53F8C47E23F1AA770024CED4 /* SchemaNodeViewController.swift */; };
		53F8C48823F1AA780024CED4 /* SchemaNodeConfig.swift in Sources */ = {isa = PBXBuildFile; fileRef = 53F8C48023F1AA780024CED4 /* SchemaNodeConfig.swift */; };
		53F8C48B23F2E1AF0024CED4 /* SchemaObjectProtocol.swift in Sources */ = {isa = PBXBuildFile; fileRef = 53F8C48A23F2E1AF0024CED4 /* SchemaObjectProtocol.swift */; };
		53F8C48D23F2FD1B0024CED4 /* OneOfProperty.swift in Sources */ = {isa = PBXBuildFile; fileRef = 53F8C48C23F2FD1B0024CED4 /* OneOfProperty.swift */; };
		53F8C48F23F2FF0C0024CED4 /* SchemaString.swift in Sources */ = {isa = PBXBuildFile; fileRef = 53F8C48E23F2FF0C0024CED4 /* SchemaString.swift */; };
		892D6161A1C02D742B404E8E /* Pods_iOS_truforms_iOS_truformsUITests.framework in Frameworks */ = {isa = PBXBuildFile; fileRef = 3B75736E0641DDB254D734A5 /* Pods_iOS_truforms_iOS_truformsUITests.framework */; };
		949E4C9B78F4091871125B70 /* Pods_iOS_truformsTests.framework in Frameworks */ = {isa = PBXBuildFile; fileRef = AA88551814DF4EF2069B7C5B /* Pods_iOS_truformsTests.framework */; };
		AB479FF21C1D95C9FCF717BE /* Pods_iOS_truforms.framework in Frameworks */ = {isa = PBXBuildFile; fileRef = C9161E40CB68276D1E6760BE /* Pods_iOS_truforms.framework */; };
/* End PBXBuildFile section */

/* Begin PBXContainerItemProxy section */
		53F8C43723F16AF60024CED4 /* PBXContainerItemProxy */ = {
			isa = PBXContainerItemProxy;
			containerPortal = 53F8C41823F16AF30024CED4 /* Project object */;
			proxyType = 1;
			remoteGlobalIDString = 53F8C41F23F16AF30024CED4;
			remoteInfo = "iOS-truforms";
		};
		53F8C44223F16AF60024CED4 /* PBXContainerItemProxy */ = {
			isa = PBXContainerItemProxy;
			containerPortal = 53F8C41823F16AF30024CED4 /* Project object */;
			proxyType = 1;
			remoteGlobalIDString = 53F8C41F23F16AF30024CED4;
			remoteInfo = "iOS-truforms";
		};
/* End PBXContainerItemProxy section */

/* Begin PBXFileReference section */
		3B75736E0641DDB254D734A5 /* Pods_iOS_truforms_iOS_truformsUITests.framework */ = {isa = PBXFileReference; explicitFileType = wrapper.framework; includeInIndex = 0; path = Pods_iOS_truforms_iOS_truformsUITests.framework; sourceTree = BUILT_PRODUCTS_DIR; };
		53352C572408741B0098A119 /* TreeNode.swift */ = {isa = PBXFileReference; lastKnownFileType = sourcecode.swift; path = TreeNode.swift; sourceTree = "<group>"; };
		5339B40E244E591700DC8F96 /* SchemaObject.swift */ = {isa = PBXFileReference; lastKnownFileType = sourcecode.swift; path = SchemaObject.swift; sourceTree = "<group>"; };
		5339B4112450C3DE00DC8F96 /* EurekaManager.swift */ = {isa = PBXFileReference; lastKnownFileType = sourcecode.swift; path = EurekaManager.swift; sourceTree = "<group>"; };
		5340CE512402BEFB003DBD84 /* SchemaNodeWrapper.swift */ = {isa = PBXFileReference; lastKnownFileType = sourcecode.swift; path = SchemaNodeWrapper.swift; sourceTree = "<group>"; };
		5340CE532402BFA5003DBD84 /* AnyType.swift */ = {isa = PBXFileReference; lastKnownFileType = sourcecode.swift; path = AnyType.swift; sourceTree = "<group>"; };
		5366FBB823FAB1D300174DE7 /* SchemaPresentationModel.swift */ = {isa = PBXFileReference; lastKnownFileType = sourcecode.swift; path = SchemaPresentationModel.swift; sourceTree = "<group>"; };
		5366FBBB23FABE2900174DE7 /* SchemaTextField.swift */ = {isa = PBXFileReference; lastKnownFileType = sourcecode.swift; path = SchemaTextField.swift; sourceTree = "<group>"; };
		5372984923FBF56100044CF3 /* SchemaBool.swift */ = {isa = PBXFileReference; lastKnownFileType = sourcecode.swift; path = SchemaBool.swift; sourceTree = "<group>"; };
		5372984B23FC00B000044CF3 /* SchemaEnum.swift */ = {isa = PBXFileReference; lastKnownFileType = sourcecode.swift; path = SchemaEnum.swift; sourceTree = "<group>"; };
		5383F1472434D2190057EACF /* SubmitNode.swift */ = {isa = PBXFileReference; lastKnownFileType = sourcecode.swift; path = SubmitNode.swift; sourceTree = "<group>"; };
		538D7E21243C8E5900B7825E /* SchemaArray.swift */ = {isa = PBXFileReference; lastKnownFileType = sourcecode.swift; path = SchemaArray.swift; sourceTree = "<group>"; };
		5392196D2443407B00865562 /* SchemaEnumData.swift */ = {isa = PBXFileReference; lastKnownFileType = sourcecode.swift; path = SchemaEnumData.swift; sourceTree = "<group>"; };
		53D19EBF24040B9800733B0C /* DataEnum.swift */ = {isa = PBXFileReference; lastKnownFileType = sourcecode.swift; path = DataEnum.swift; sourceTree = "<group>"; };
		53F8C42023F16AF30024CED4 /* iOS-truforms.app */ = {isa = PBXFileReference; explicitFileType = wrapper.application; includeInIndex = 0; path = "iOS-truforms.app"; sourceTree = BUILT_PRODUCTS_DIR; };
		53F8C42323F16AF30024CED4 /* AppDelegate.swift */ = {isa = PBXFileReference; lastKnownFileType = sourcecode.swift; path = AppDelegate.swift; sourceTree = "<group>"; };
		53F8C42723F16AF30024CED4 /* ViewController.swift */ = {isa = PBXFileReference; lastKnownFileType = sourcecode.swift; path = ViewController.swift; sourceTree = "<group>"; };
		53F8C42A23F16AF30024CED4 /* Base */ = {isa = PBXFileReference; lastKnownFileType = file.storyboard; name = Base; path = Base.lproj/Main.storyboard; sourceTree = "<group>"; };
		53F8C42C23F16AF60024CED4 /* Assets.xcassets */ = {isa = PBXFileReference; lastKnownFileType = folder.assetcatalog; path = Assets.xcassets; sourceTree = "<group>"; };
		53F8C42F23F16AF60024CED4 /* Base */ = {isa = PBXFileReference; lastKnownFileType = file.storyboard; name = Base; path = Base.lproj/LaunchScreen.storyboard; sourceTree = "<group>"; };
		53F8C43123F16AF60024CED4 /* Info.plist */ = {isa = PBXFileReference; lastKnownFileType = text.plist.xml; path = Info.plist; sourceTree = "<group>"; };
		53F8C43623F16AF60024CED4 /* iOS-truformsTests.xctest */ = {isa = PBXFileReference; explicitFileType = wrapper.cfbundle; includeInIndex = 0; path = "iOS-truformsTests.xctest"; sourceTree = BUILT_PRODUCTS_DIR; };
		53F8C43A23F16AF60024CED4 /* iOS_truformsTests.swift */ = {isa = PBXFileReference; lastKnownFileType = sourcecode.swift; path = iOS_truformsTests.swift; sourceTree = "<group>"; };
		53F8C43C23F16AF60024CED4 /* Info.plist */ = {isa = PBXFileReference; lastKnownFileType = text.plist.xml; path = Info.plist; sourceTree = "<group>"; };
		53F8C44123F16AF60024CED4 /* iOS-truformsUITests.xctest */ = {isa = PBXFileReference; explicitFileType = wrapper.cfbundle; includeInIndex = 0; path = "iOS-truformsUITests.xctest"; sourceTree = BUILT_PRODUCTS_DIR; };
		53F8C44523F16AF60024CED4 /* iOS_truformsUITests.swift */ = {isa = PBXFileReference; lastKnownFileType = sourcecode.swift; path = iOS_truformsUITests.swift; sourceTree = "<group>"; };
		53F8C44723F16AF60024CED4 /* Info.plist */ = {isa = PBXFileReference; lastKnownFileType = text.plist.xml; path = Info.plist; sourceTree = "<group>"; };
		53F8C45D23F1A2EC0024CED4 /* BasePresenter.swift */ = {isa = PBXFileReference; fileEncoding = 4; lastKnownFileType = sourcecode.swift; path = BasePresenter.swift; sourceTree = "<group>"; };
		53F8C45F23F1A2EC0024CED4 /* BaseViewController.swift */ = {isa = PBXFileReference; fileEncoding = 4; lastKnownFileType = sourcecode.swift; path = BaseViewController.swift; sourceTree = "<group>"; };
		53F8C46123F1A2EC0024CED4 /* BaseConfig.swift */ = {isa = PBXFileReference; fileEncoding = 4; lastKnownFileType = sourcecode.swift; path = BaseConfig.swift; sourceTree = "<group>"; };
		53F8C46323F1A2EC0024CED4 /* SchemaNode.swift */ = {isa = PBXFileReference; fileEncoding = 4; lastKnownFileType = sourcecode.swift; path = SchemaNode.swift; sourceTree = "<group>"; };
		53F8C46523F1A2EC0024CED4 /* Interactor.swift */ = {isa = PBXFileReference; fileEncoding = 4; lastKnownFileType = sourcecode.swift; path = Interactor.swift; sourceTree = "<group>"; };
		53F8C46C23F1A3360024CED4 /* Responsable.swift */ = {isa = PBXFileReference; fileEncoding = 4; lastKnownFileType = sourcecode.swift; path = Responsable.swift; sourceTree = "<group>"; };
		53F8C46D23F1A3360024CED4 /* Result.swift */ = {isa = PBXFileReference; fileEncoding = 4; lastKnownFileType = sourcecode.swift; path = Result.swift; sourceTree = "<group>"; };
		53F8C46E23F1A3360024CED4 /* KeyedDecodingContainer+Extension.swift */ = {isa = PBXFileReference; fileEncoding = 4; lastKnownFileType = sourcecode.swift; path = "KeyedDecodingContainer+Extension.swift"; sourceTree = "<group>"; };
		53F8C47323F1AA770024CED4 /* SchemaNodeTarget.swift */ = {isa = PBXFileReference; fileEncoding = 4; lastKnownFileType = sourcecode.swift; path = SchemaNodeTarget.swift; sourceTree = "<group>"; };
		53F8C47823F1AA770024CED4 /* SchemaNodeInteractor.swift */ = {isa = PBXFileReference; fileEncoding = 4; lastKnownFileType = sourcecode.swift; path = SchemaNodeInteractor.swift; sourceTree = "<group>"; };
		53F8C47A23F1AA770024CED4 /* SchemaNodePresenter.swift */ = {isa = PBXFileReference; fileEncoding = 4; lastKnownFileType = sourcecode.swift; path = SchemaNodePresenter.swift; sourceTree = "<group>"; };
		53F8C47C23F1AA770024CED4 /* SchemaNodeConstants.swift */ = {isa = PBXFileReference; fileEncoding = 4; lastKnownFileType = sourcecode.swift; path = SchemaNodeConstants.swift; sourceTree = "<group>"; };
		53F8C47E23F1AA770024CED4 /* SchemaNodeViewController.swift */ = {isa = PBXFileReference; fileEncoding = 4; lastKnownFileType = sourcecode.swift; path = SchemaNodeViewController.swift; sourceTree = "<group>"; };
		53F8C48023F1AA780024CED4 /* SchemaNodeConfig.swift */ = {isa = PBXFileReference; fileEncoding = 4; lastKnownFileType = sourcecode.swift; path = SchemaNodeConfig.swift; sourceTree = "<group>"; };
		53F8C48A23F2E1AF0024CED4 /* SchemaObjectProtocol.swift */ = {isa = PBXFileReference; lastKnownFileType = sourcecode.swift; path = SchemaObjectProtocol.swift; sourceTree = "<group>"; };
		53F8C48C23F2FD1B0024CED4 /* OneOfProperty.swift */ = {isa = PBXFileReference; lastKnownFileType = sourcecode.swift; path = OneOfProperty.swift; sourceTree = "<group>"; };
		53F8C48E23F2FF0C0024CED4 /* SchemaString.swift */ = {isa = PBXFileReference; lastKnownFileType = sourcecode.swift; path = SchemaString.swift; sourceTree = "<group>"; };
		5C6593395A17F7DEF6C3D399 /* Pods-iOS-truforms.debug.xcconfig */ = {isa = PBXFileReference; includeInIndex = 1; lastKnownFileType = text.xcconfig; name = "Pods-iOS-truforms.debug.xcconfig"; path = "Target Support Files/Pods-iOS-truforms/Pods-iOS-truforms.debug.xcconfig"; sourceTree = "<group>"; };
		68C6EC4C1D956D07AB2764A0 /* Pods-iOS-truforms-iOS-truformsUITests.release.xcconfig */ = {isa = PBXFileReference; includeInIndex = 1; lastKnownFileType = text.xcconfig; name = "Pods-iOS-truforms-iOS-truformsUITests.release.xcconfig"; path = "Target Support Files/Pods-iOS-truforms-iOS-truformsUITests/Pods-iOS-truforms-iOS-truformsUITests.release.xcconfig"; sourceTree = "<group>"; };
		A29DF3D7388AE27845534756 /* Pods-iOS-truforms.release.xcconfig */ = {isa = PBXFileReference; includeInIndex = 1; lastKnownFileType = text.xcconfig; name = "Pods-iOS-truforms.release.xcconfig"; path = "Target Support Files/Pods-iOS-truforms/Pods-iOS-truforms.release.xcconfig"; sourceTree = "<group>"; };
		AA88551814DF4EF2069B7C5B /* Pods_iOS_truformsTests.framework */ = {isa = PBXFileReference; explicitFileType = wrapper.framework; includeInIndex = 0; path = Pods_iOS_truformsTests.framework; sourceTree = BUILT_PRODUCTS_DIR; };
		AA9E783330F862FDB53E8610 /* Pods-iOS-truformsTests.release.xcconfig */ = {isa = PBXFileReference; includeInIndex = 1; lastKnownFileType = text.xcconfig; name = "Pods-iOS-truformsTests.release.xcconfig"; path = "Target Support Files/Pods-iOS-truformsTests/Pods-iOS-truformsTests.release.xcconfig"; sourceTree = "<group>"; };
		B210C041D679CBCA06908573 /* Pods-iOS-truformsTests.debug.xcconfig */ = {isa = PBXFileReference; includeInIndex = 1; lastKnownFileType = text.xcconfig; name = "Pods-iOS-truformsTests.debug.xcconfig"; path = "Target Support Files/Pods-iOS-truformsTests/Pods-iOS-truformsTests.debug.xcconfig"; sourceTree = "<group>"; };
		C3304A18BB96EB9FABA3A7C9 /* Pods-iOS-truforms-iOS-truformsUITests.debug.xcconfig */ = {isa = PBXFileReference; includeInIndex = 1; lastKnownFileType = text.xcconfig; name = "Pods-iOS-truforms-iOS-truformsUITests.debug.xcconfig"; path = "Target Support Files/Pods-iOS-truforms-iOS-truformsUITests/Pods-iOS-truforms-iOS-truformsUITests.debug.xcconfig"; sourceTree = "<group>"; };
		C9161E40CB68276D1E6760BE /* Pods_iOS_truforms.framework */ = {isa = PBXFileReference; explicitFileType = wrapper.framework; includeInIndex = 0; path = Pods_iOS_truforms.framework; sourceTree = BUILT_PRODUCTS_DIR; };
/* End PBXFileReference section */

/* Begin PBXFrameworksBuildPhase section */
		53F8C41D23F16AF30024CED4 /* Frameworks */ = {
			isa = PBXFrameworksBuildPhase;
			buildActionMask = 2147483647;
			files = (
				AB479FF21C1D95C9FCF717BE /* Pods_iOS_truforms.framework in Frameworks */,
			);
			runOnlyForDeploymentPostprocessing = 0;
		};
		53F8C43323F16AF60024CED4 /* Frameworks */ = {
			isa = PBXFrameworksBuildPhase;
			buildActionMask = 2147483647;
			files = (
				949E4C9B78F4091871125B70 /* Pods_iOS_truformsTests.framework in Frameworks */,
			);
			runOnlyForDeploymentPostprocessing = 0;
		};
		53F8C43E23F16AF60024CED4 /* Frameworks */ = {
			isa = PBXFrameworksBuildPhase;
			buildActionMask = 2147483647;
			files = (
				892D6161A1C02D742B404E8E /* Pods_iOS_truforms_iOS_truformsUITests.framework in Frameworks */,
			);
			runOnlyForDeploymentPostprocessing = 0;
		};
/* End PBXFrameworksBuildPhase section */

/* Begin PBXGroup section */
		17CDFF2E41C84F5724CA8EA3 /* Pods */ = {
			isa = PBXGroup;
			children = (
				5C6593395A17F7DEF6C3D399 /* Pods-iOS-truforms.debug.xcconfig */,
				A29DF3D7388AE27845534756 /* Pods-iOS-truforms.release.xcconfig */,
				C3304A18BB96EB9FABA3A7C9 /* Pods-iOS-truforms-iOS-truformsUITests.debug.xcconfig */,
				68C6EC4C1D956D07AB2764A0 /* Pods-iOS-truforms-iOS-truformsUITests.release.xcconfig */,
				B210C041D679CBCA06908573 /* Pods-iOS-truformsTests.debug.xcconfig */,
				AA9E783330F862FDB53E8610 /* Pods-iOS-truformsTests.release.xcconfig */,
			);
			path = Pods;
			sourceTree = "<group>";
		};
		5339B4102450C3C500DC8F96 /* EurekaManager */ = {
			isa = PBXGroup;
			children = (
				5339B4112450C3DE00DC8F96 /* EurekaManager.swift */,
			);
			path = EurekaManager;
			sourceTree = "<group>";
		};
		5366FBBA23FABE0600174DE7 /* SchemaViews */ = {
			isa = PBXGroup;
			children = (
				5366FBBB23FABE2900174DE7 /* SchemaTextField.swift */,
			);
			path = SchemaViews;
			sourceTree = "<group>";
		};
		53F8C41723F16AF30024CED4 = {
			isa = PBXGroup;
			children = (
				53F8C42223F16AF30024CED4 /* iOS-truforms */,
				53F8C43923F16AF60024CED4 /* iOS-truformsTests */,
				53F8C44423F16AF60024CED4 /* iOS-truformsUITests */,
				53F8C42123F16AF30024CED4 /* Products */,
				17CDFF2E41C84F5724CA8EA3 /* Pods */,
				5C2FE7269D7068CF489A93C9 /* Frameworks */,
			);
			sourceTree = "<group>";
		};
		53F8C42123F16AF30024CED4 /* Products */ = {
			isa = PBXGroup;
			children = (
				53F8C42023F16AF30024CED4 /* iOS-truforms.app */,
				53F8C43623F16AF60024CED4 /* iOS-truformsTests.xctest */,
				53F8C44123F16AF60024CED4 /* iOS-truformsUITests.xctest */,
			);
			name = Products;
			sourceTree = "<group>";
		};
		53F8C42223F16AF30024CED4 /* iOS-truforms */ = {
			isa = PBXGroup;
			children = (
				53F8C46B23F1A3260024CED4 /* Extensions */,
				53F8C45B23F1A2AC0024CED4 /* GenericModule */,
				53F8C45323F1A2280024CED4 /* Module */,
				53F8C42323F16AF30024CED4 /* AppDelegate.swift */,
				53F8C42723F16AF30024CED4 /* ViewController.swift */,
				53F8C42923F16AF30024CED4 /* Main.storyboard */,
				53F8C42C23F16AF60024CED4 /* Assets.xcassets */,
				53F8C42E23F16AF60024CED4 /* LaunchScreen.storyboard */,
				53F8C43123F16AF60024CED4 /* Info.plist */,
			);
			path = "iOS-truforms";
			sourceTree = "<group>";
		};
		53F8C43923F16AF60024CED4 /* iOS-truformsTests */ = {
			isa = PBXGroup;
			children = (
				53F8C43A23F16AF60024CED4 /* iOS_truformsTests.swift */,
				53F8C43C23F16AF60024CED4 /* Info.plist */,
			);
			path = "iOS-truformsTests";
			sourceTree = "<group>";
		};
		53F8C44423F16AF60024CED4 /* iOS-truformsUITests */ = {
			isa = PBXGroup;
			children = (
				53F8C44523F16AF60024CED4 /* iOS_truformsUITests.swift */,
				53F8C44723F16AF60024CED4 /* Info.plist */,
			);
			path = "iOS-truformsUITests";
			sourceTree = "<group>";
		};
		53F8C45323F1A2280024CED4 /* Module */ = {
			isa = PBXGroup;
			children = (
				53F8C48923F2E1890024CED4 /* SchemaViewModel */,
				53F8C47F23F1AA780024CED4 /* Config */,
				53F8C47B23F1AA770024CED4 /* Constant */,
				53F8C47723F1AA770024CED4 /* Interactor */,
				53F8C47923F1AA770024CED4 /* Presenter */,
				53F8C47223F1AA770024CED4 /* Target */,
				53F8C47D23F1AA770024CED4 /* View */,
			);
			path = Module;
			sourceTree = "<group>";
		};
		53F8C45B23F1A2AC0024CED4 /* GenericModule */ = {
			isa = PBXGroup;
			children = (
				5339B4102450C3C500DC8F96 /* EurekaManager */,
				53F8C46023F1A2EC0024CED4 /* Config */,
				53F8C46423F1A2EC0024CED4 /* Interactor */,
				53F8C46223F1A2EC0024CED4 /* Model */,
				53F8C45C23F1A2EC0024CED4 /* Presenter */,
				53F8C45E23F1A2EC0024CED4 /* View */,
			);
			path = GenericModule;
			sourceTree = "<group>";
		};
		53F8C45C23F1A2EC0024CED4 /* Presenter */ = {
			isa = PBXGroup;
			children = (
				53F8C45D23F1A2EC0024CED4 /* BasePresenter.swift */,
			);
			path = Presenter;
			sourceTree = "<group>";
		};
		53F8C45E23F1A2EC0024CED4 /* View */ = {
			isa = PBXGroup;
			children = (
				53F8C45F23F1A2EC0024CED4 /* BaseViewController.swift */,
			);
			path = View;
			sourceTree = "<group>";
		};
		53F8C46023F1A2EC0024CED4 /* Config */ = {
			isa = PBXGroup;
			children = (
				53F8C46123F1A2EC0024CED4 /* BaseConfig.swift */,
			);
			path = Config;
			sourceTree = "<group>";
		};
		53F8C46223F1A2EC0024CED4 /* Model */ = {
			isa = PBXGroup;
			children = (
				53F8C46323F1A2EC0024CED4 /* SchemaNode.swift */,
				53F8C48C23F2FD1B0024CED4 /* OneOfProperty.swift */,
				53D19EBF24040B9800733B0C /* DataEnum.swift */,
				53352C572408741B0098A119 /* TreeNode.swift */,
				5383F1472434D2190057EACF /* SubmitNode.swift */,
			);
			path = Model;
			sourceTree = "<group>";
		};
		53F8C46423F1A2EC0024CED4 /* Interactor */ = {
			isa = PBXGroup;
			children = (
				53F8C46523F1A2EC0024CED4 /* Interactor.swift */,
			);
			path = Interactor;
			sourceTree = "<group>";
		};
		53F8C46B23F1A3260024CED4 /* Extensions */ = {
			isa = PBXGroup;
			children = (
				53F8C46E23F1A3360024CED4 /* KeyedDecodingContainer+Extension.swift */,
				53F8C46C23F1A3360024CED4 /* Responsable.swift */,
				53F8C46D23F1A3360024CED4 /* Result.swift */,
				5340CE512402BEFB003DBD84 /* SchemaNodeWrapper.swift */,
				5340CE532402BFA5003DBD84 /* AnyType.swift */,
			);
			path = Extensions;
			sourceTree = "<group>";
		};
		53F8C47223F1AA770024CED4 /* Target */ = {
			isa = PBXGroup;
			children = (
				53F8C47323F1AA770024CED4 /* SchemaNodeTarget.swift */,
			);
			path = Target;
			sourceTree = "<group>";
		};
		53F8C47723F1AA770024CED4 /* Interactor */ = {
			isa = PBXGroup;
			children = (
				53F8C47823F1AA770024CED4 /* SchemaNodeInteractor.swift */,
			);
			path = Interactor;
			sourceTree = "<group>";
		};
		53F8C47923F1AA770024CED4 /* Presenter */ = {
			isa = PBXGroup;
			children = (
				53F8C47A23F1AA770024CED4 /* SchemaNodePresenter.swift */,
			);
			path = Presenter;
			sourceTree = "<group>";
		};
		53F8C47B23F1AA770024CED4 /* Constant */ = {
			isa = PBXGroup;
			children = (
				53F8C47C23F1AA770024CED4 /* SchemaNodeConstants.swift */,
			);
			path = Constant;
			sourceTree = "<group>";
		};
		53F8C47D23F1AA770024CED4 /* View */ = {
			isa = PBXGroup;
			children = (
				5366FBBA23FABE0600174DE7 /* SchemaViews */,
				53F8C47E23F1AA770024CED4 /* SchemaNodeViewController.swift */,
			);
			path = View;
			sourceTree = "<group>";
		};
		53F8C47F23F1AA780024CED4 /* Config */ = {
			isa = PBXGroup;
			children = (
				53F8C48023F1AA780024CED4 /* SchemaNodeConfig.swift */,
			);
			path = Config;
			sourceTree = "<group>";
		};
		53F8C48923F2E1890024CED4 /* SchemaViewModel */ = {
			isa = PBXGroup;
			children = (
				5366FBB823FAB1D300174DE7 /* SchemaPresentationModel.swift */,
				53F8C48A23F2E1AF0024CED4 /* SchemaObjectProtocol.swift */,
				53F8C48E23F2FF0C0024CED4 /* SchemaString.swift */,
				5372984923FBF56100044CF3 /* SchemaBool.swift */,
				5392196D2443407B00865562 /* SchemaEnumData.swift */,
				5372984B23FC00B000044CF3 /* SchemaEnum.swift */,
				538D7E21243C8E5900B7825E /* SchemaArray.swift */,
				5339B40E244E591700DC8F96 /* SchemaObject.swift */,
			);
			path = SchemaViewModel;
			sourceTree = "<group>";
		};
		5C2FE7269D7068CF489A93C9 /* Frameworks */ = {
			isa = PBXGroup;
			children = (
				C9161E40CB68276D1E6760BE /* Pods_iOS_truforms.framework */,
				3B75736E0641DDB254D734A5 /* Pods_iOS_truforms_iOS_truformsUITests.framework */,
				AA88551814DF4EF2069B7C5B /* Pods_iOS_truformsTests.framework */,
			);
			name = Frameworks;
			sourceTree = "<group>";
		};
/* End PBXGroup section */

/* Begin PBXNativeTarget section */
		53F8C41F23F16AF30024CED4 /* iOS-truforms */ = {
			isa = PBXNativeTarget;
			buildConfigurationList = 53F8C44A23F16AF60024CED4 /* Build configuration list for PBXNativeTarget "iOS-truforms" */;
			buildPhases = (
				217105A8C80B5FC11BE6E6A7 /* [CP] Check Pods Manifest.lock */,
				53F8C41C23F16AF30024CED4 /* Sources */,
				53F8C41D23F16AF30024CED4 /* Frameworks */,
				53F8C41E23F16AF30024CED4 /* Resources */,
				7B14AA3C284A7537E25F2B27 /* [CP] Embed Pods Frameworks */,
			);
			buildRules = (
			);
			dependencies = (
			);
			name = "iOS-truforms";
			productName = "iOS-truforms";
			productReference = 53F8C42023F16AF30024CED4 /* iOS-truforms.app */;
			productType = "com.apple.product-type.application";
		};
		53F8C43523F16AF60024CED4 /* iOS-truformsTests */ = {
			isa = PBXNativeTarget;
			buildConfigurationList = 53F8C44D23F16AF60024CED4 /* Build configuration list for PBXNativeTarget "iOS-truformsTests" */;
			buildPhases = (
				19D94BAFC93247FECF3C9C38 /* [CP] Check Pods Manifest.lock */,
				53F8C43223F16AF60024CED4 /* Sources */,
				53F8C43323F16AF60024CED4 /* Frameworks */,
				53F8C43423F16AF60024CED4 /* Resources */,
				48CD1EFCF61B9E60D454015C /* [CP] Embed Pods Frameworks */,
			);
			buildRules = (
			);
			dependencies = (
				53F8C43823F16AF60024CED4 /* PBXTargetDependency */,
			);
			name = "iOS-truformsTests";
			productName = "iOS-truformsTests";
			productReference = 53F8C43623F16AF60024CED4 /* iOS-truformsTests.xctest */;
			productType = "com.apple.product-type.bundle.unit-test";
		};
		53F8C44023F16AF60024CED4 /* iOS-truformsUITests */ = {
			isa = PBXNativeTarget;
			buildConfigurationList = 53F8C45023F16AF60024CED4 /* Build configuration list for PBXNativeTarget "iOS-truformsUITests" */;
			buildPhases = (
				6E7A4F30A48BD270795656B3 /* [CP] Check Pods Manifest.lock */,
				53F8C43D23F16AF60024CED4 /* Sources */,
				53F8C43E23F16AF60024CED4 /* Frameworks */,
				53F8C43F23F16AF60024CED4 /* Resources */,
				7CEB6E1F7A8D2A4753F8C437 /* [CP] Embed Pods Frameworks */,
			);
			buildRules = (
			);
			dependencies = (
				53F8C44323F16AF60024CED4 /* PBXTargetDependency */,
			);
			name = "iOS-truformsUITests";
			productName = "iOS-truformsUITests";
			productReference = 53F8C44123F16AF60024CED4 /* iOS-truformsUITests.xctest */;
			productType = "com.apple.product-type.bundle.ui-testing";
		};
/* End PBXNativeTarget section */

/* Begin PBXProject section */
		53F8C41823F16AF30024CED4 /* Project object */ = {
			isa = PBXProject;
			attributes = {
				LastSwiftUpdateCheck = 1110;
				LastUpgradeCheck = 1110;
				ORGANIZATIONNAME = Trufla;
				TargetAttributes = {
					53F8C41F23F16AF30024CED4 = {
						CreatedOnToolsVersion = 11.1;
					};
					53F8C43523F16AF60024CED4 = {
						CreatedOnToolsVersion = 11.1;
						TestTargetID = 53F8C41F23F16AF30024CED4;
					};
					53F8C44023F16AF60024CED4 = {
						CreatedOnToolsVersion = 11.1;
						TestTargetID = 53F8C41F23F16AF30024CED4;
					};
				};
			};
			buildConfigurationList = 53F8C41B23F16AF30024CED4 /* Build configuration list for PBXProject "iOS-truforms" */;
			compatibilityVersion = "Xcode 9.3";
			developmentRegion = en;
			hasScannedForEncodings = 0;
			knownRegions = (
				en,
				Base,
			);
			mainGroup = 53F8C41723F16AF30024CED4;
			productRefGroup = 53F8C42123F16AF30024CED4 /* Products */;
			projectDirPath = "";
			projectRoot = "";
			targets = (
				53F8C41F23F16AF30024CED4 /* iOS-truforms */,
				53F8C43523F16AF60024CED4 /* iOS-truformsTests */,
				53F8C44023F16AF60024CED4 /* iOS-truformsUITests */,
			);
		};
/* End PBXProject section */

/* Begin PBXResourcesBuildPhase section */
		53F8C41E23F16AF30024CED4 /* Resources */ = {
			isa = PBXResourcesBuildPhase;
			buildActionMask = 2147483647;
			files = (
				53F8C43023F16AF60024CED4 /* LaunchScreen.storyboard in Resources */,
				53F8C42D23F16AF60024CED4 /* Assets.xcassets in Resources */,
				53F8C42B23F16AF30024CED4 /* Main.storyboard in Resources */,
			);
			runOnlyForDeploymentPostprocessing = 0;
		};
		53F8C43423F16AF60024CED4 /* Resources */ = {
			isa = PBXResourcesBuildPhase;
			buildActionMask = 2147483647;
			files = (
			);
			runOnlyForDeploymentPostprocessing = 0;
		};
		53F8C43F23F16AF60024CED4 /* Resources */ = {
			isa = PBXResourcesBuildPhase;
			buildActionMask = 2147483647;
			files = (
			);
			runOnlyForDeploymentPostprocessing = 0;
		};
/* End PBXResourcesBuildPhase section */

/* Begin PBXShellScriptBuildPhase section */
		19D94BAFC93247FECF3C9C38 /* [CP] Check Pods Manifest.lock */ = {
			isa = PBXShellScriptBuildPhase;
			buildActionMask = 2147483647;
			files = (
			);
			inputFileListPaths = (
			);
			inputPaths = (
				"${PODS_PODFILE_DIR_PATH}/Podfile.lock",
				"${PODS_ROOT}/Manifest.lock",
			);
			name = "[CP] Check Pods Manifest.lock";
			outputFileListPaths = (
			);
			outputPaths = (
				"$(DERIVED_FILE_DIR)/Pods-iOS-truformsTests-checkManifestLockResult.txt",
			);
			runOnlyForDeploymentPostprocessing = 0;
			shellPath = /bin/sh;
			shellScript = "diff \"${PODS_PODFILE_DIR_PATH}/Podfile.lock\" \"${PODS_ROOT}/Manifest.lock\" > /dev/null\nif [ $? != 0 ] ; then\n    # print error to STDERR\n    echo \"error: The sandbox is not in sync with the Podfile.lock. Run 'pod install' or update your CocoaPods installation.\" >&2\n    exit 1\nfi\n# This output is used by Xcode 'outputs' to avoid re-running this script phase.\necho \"SUCCESS\" > \"${SCRIPT_OUTPUT_FILE_0}\"\n";
			showEnvVarsInLog = 0;
		};
		217105A8C80B5FC11BE6E6A7 /* [CP] Check Pods Manifest.lock */ = {
			isa = PBXShellScriptBuildPhase;
			buildActionMask = 2147483647;
			files = (
			);
			inputFileListPaths = (
			);
			inputPaths = (
				"${PODS_PODFILE_DIR_PATH}/Podfile.lock",
				"${PODS_ROOT}/Manifest.lock",
			);
			name = "[CP] Check Pods Manifest.lock";
			outputFileListPaths = (
			);
			outputPaths = (
				"$(DERIVED_FILE_DIR)/Pods-iOS-truforms-checkManifestLockResult.txt",
			);
			runOnlyForDeploymentPostprocessing = 0;
			shellPath = /bin/sh;
			shellScript = "diff \"${PODS_PODFILE_DIR_PATH}/Podfile.lock\" \"${PODS_ROOT}/Manifest.lock\" > /dev/null\nif [ $? != 0 ] ; then\n    # print error to STDERR\n    echo \"error: The sandbox is not in sync with the Podfile.lock. Run 'pod install' or update your CocoaPods installation.\" >&2\n    exit 1\nfi\n# This output is used by Xcode 'outputs' to avoid re-running this script phase.\necho \"SUCCESS\" > \"${SCRIPT_OUTPUT_FILE_0}\"\n";
			showEnvVarsInLog = 0;
		};
		48CD1EFCF61B9E60D454015C /* [CP] Embed Pods Frameworks */ = {
			isa = PBXShellScriptBuildPhase;
			buildActionMask = 2147483647;
			files = (
			);
			inputFileListPaths = (
				"${PODS_ROOT}/Target Support Files/Pods-iOS-truformsTests/Pods-iOS-truformsTests-frameworks-${CONFIGURATION}-input-files.xcfilelist",
			);
			name = "[CP] Embed Pods Frameworks";
			outputFileListPaths = (
				"${PODS_ROOT}/Target Support Files/Pods-iOS-truformsTests/Pods-iOS-truformsTests-frameworks-${CONFIGURATION}-output-files.xcfilelist",
			);
			runOnlyForDeploymentPostprocessing = 0;
			shellPath = /bin/sh;
			shellScript = "\"${PODS_ROOT}/Target Support Files/Pods-iOS-truformsTests/Pods-iOS-truformsTests-frameworks.sh\"\n";
			showEnvVarsInLog = 0;
		};
		6E7A4F30A48BD270795656B3 /* [CP] Check Pods Manifest.lock */ = {
			isa = PBXShellScriptBuildPhase;
			buildActionMask = 2147483647;
			files = (
			);
			inputFileListPaths = (
			);
			inputPaths = (
				"${PODS_PODFILE_DIR_PATH}/Podfile.lock",
				"${PODS_ROOT}/Manifest.lock",
			);
			name = "[CP] Check Pods Manifest.lock";
			outputFileListPaths = (
			);
			outputPaths = (
				"$(DERIVED_FILE_DIR)/Pods-iOS-truforms-iOS-truformsUITests-checkManifestLockResult.txt",
			);
			runOnlyForDeploymentPostprocessing = 0;
			shellPath = /bin/sh;
			shellScript = "diff \"${PODS_PODFILE_DIR_PATH}/Podfile.lock\" \"${PODS_ROOT}/Manifest.lock\" > /dev/null\nif [ $? != 0 ] ; then\n    # print error to STDERR\n    echo \"error: The sandbox is not in sync with the Podfile.lock. Run 'pod install' or update your CocoaPods installation.\" >&2\n    exit 1\nfi\n# This output is used by Xcode 'outputs' to avoid re-running this script phase.\necho \"SUCCESS\" > \"${SCRIPT_OUTPUT_FILE_0}\"\n";
			showEnvVarsInLog = 0;
		};
		7B14AA3C284A7537E25F2B27 /* [CP] Embed Pods Frameworks */ = {
			isa = PBXShellScriptBuildPhase;
			buildActionMask = 2147483647;
			files = (
			);
			inputFileListPaths = (
				"${PODS_ROOT}/Target Support Files/Pods-iOS-truforms/Pods-iOS-truforms-frameworks-${CONFIGURATION}-input-files.xcfilelist",
			);
			name = "[CP] Embed Pods Frameworks";
			outputFileListPaths = (
				"${PODS_ROOT}/Target Support Files/Pods-iOS-truforms/Pods-iOS-truforms-frameworks-${CONFIGURATION}-output-files.xcfilelist",
			);
			runOnlyForDeploymentPostprocessing = 0;
			shellPath = /bin/sh;
			shellScript = "\"${PODS_ROOT}/Target Support Files/Pods-iOS-truforms/Pods-iOS-truforms-frameworks.sh\"\n";
			showEnvVarsInLog = 0;
		};
		7CEB6E1F7A8D2A4753F8C437 /* [CP] Embed Pods Frameworks */ = {
			isa = PBXShellScriptBuildPhase;
			buildActionMask = 2147483647;
			files = (
			);
			inputFileListPaths = (
				"${PODS_ROOT}/Target Support Files/Pods-iOS-truforms-iOS-truformsUITests/Pods-iOS-truforms-iOS-truformsUITests-frameworks-${CONFIGURATION}-input-files.xcfilelist",
			);
			name = "[CP] Embed Pods Frameworks";
			outputFileListPaths = (
				"${PODS_ROOT}/Target Support Files/Pods-iOS-truforms-iOS-truformsUITests/Pods-iOS-truforms-iOS-truformsUITests-frameworks-${CONFIGURATION}-output-files.xcfilelist",
			);
			runOnlyForDeploymentPostprocessing = 0;
			shellPath = /bin/sh;
			shellScript = "\"${PODS_ROOT}/Target Support Files/Pods-iOS-truforms-iOS-truformsUITests/Pods-iOS-truforms-iOS-truformsUITests-frameworks.sh\"\n";
			showEnvVarsInLog = 0;
		};
/* End PBXShellScriptBuildPhase section */

/* Begin PBXSourcesBuildPhase section */
		53F8C41C23F16AF30024CED4 /* Sources */ = {
			isa = PBXSourcesBuildPhase;
			buildActionMask = 2147483647;
			files = (
				53F8C47023F1A3360024CED4 /* Result.swift in Sources */,
				53F8C48523F1AA780024CED4 /* SchemaNodePresenter.swift in Sources */,
				53F8C48723F1AA780024CED4 /* SchemaNodeViewController.swift in Sources */,
				53D19EC024040B9800733B0C /* DataEnum.swift in Sources */,
				53F8C48623F1AA780024CED4 /* SchemaNodeConstants.swift in Sources */,
				53F8C42823F16AF30024CED4 /* ViewController.swift in Sources */,
				5392196E2443407B00865562 /* SchemaEnumData.swift in Sources */,
				5339B40F244E591700DC8F96 /* SchemaObject.swift in Sources */,
				53F8C46723F1A2EC0024CED4 /* BaseViewController.swift in Sources */,
				5383F1482434D2190057EACF /* SubmitNode.swift in Sources */,
				53F8C46F23F1A3360024CED4 /* Responsable.swift in Sources */,
				5366FBBC23FABE2900174DE7 /* SchemaTextField.swift in Sources */,
				5340CE522402BEFB003DBD84 /* SchemaNodeWrapper.swift in Sources */,
				53F8C48423F1AA780024CED4 /* SchemaNodeInteractor.swift in Sources */,
				53F8C46623F1A2EC0024CED4 /* BasePresenter.swift in Sources */,
				53F8C48F23F2FF0C0024CED4 /* SchemaString.swift in Sources */,
				53F8C47123F1A3360024CED4 /* KeyedDecodingContainer+Extension.swift in Sources */,
				53F8C48B23F2E1AF0024CED4 /* SchemaObjectProtocol.swift in Sources */,
				5372984A23FBF56100044CF3 /* SchemaBool.swift in Sources */,
				53F8C46923F1A2EC0024CED4 /* SchemaNode.swift in Sources */,
				53F8C46823F1A2EC0024CED4 /* BaseConfig.swift in Sources */,
				5366FBB923FAB1D300174DE7 /* SchemaPresentationModel.swift in Sources */,
				53F8C48123F1AA780024CED4 /* SchemaNodeTarget.swift in Sources */,
				5340CE542402BFA5003DBD84 /* AnyType.swift in Sources */,
				53F8C46A23F1A2EC0024CED4 /* Interactor.swift in Sources */,
				53352C582408741B0098A119 /* TreeNode.swift in Sources */,
				53F8C42423F16AF30024CED4 /* AppDelegate.swift in Sources */,
				538D7E22243C8E5900B7825E /* SchemaArray.swift in Sources */,
				53F8C48D23F2FD1B0024CED4 /* OneOfProperty.swift in Sources */,
				53F8C48823F1AA780024CED4 /* SchemaNodeConfig.swift in Sources */,
				5372984C23FC00B000044CF3 /* SchemaEnum.swift in Sources */,
				5339B4122450C3DE00DC8F96 /* EurekaManager.swift in Sources */,
			);
			runOnlyForDeploymentPostprocessing = 0;
		};
		53F8C43223F16AF60024CED4 /* Sources */ = {
			isa = PBXSourcesBuildPhase;
			buildActionMask = 2147483647;
			files = (
				53F8C43B23F16AF60024CED4 /* iOS_truformsTests.swift in Sources */,
			);
			runOnlyForDeploymentPostprocessing = 0;
		};
		53F8C43D23F16AF60024CED4 /* Sources */ = {
			isa = PBXSourcesBuildPhase;
			buildActionMask = 2147483647;
			files = (
				53F8C44623F16AF60024CED4 /* iOS_truformsUITests.swift in Sources */,
			);
			runOnlyForDeploymentPostprocessing = 0;
		};
/* End PBXSourcesBuildPhase section */

/* Begin PBXTargetDependency section */
		53F8C43823F16AF60024CED4 /* PBXTargetDependency */ = {
			isa = PBXTargetDependency;
			target = 53F8C41F23F16AF30024CED4 /* iOS-truforms */;
			targetProxy = 53F8C43723F16AF60024CED4 /* PBXContainerItemProxy */;
		};
		53F8C44323F16AF60024CED4 /* PBXTargetDependency */ = {
			isa = PBXTargetDependency;
			target = 53F8C41F23F16AF30024CED4 /* iOS-truforms */;
			targetProxy = 53F8C44223F16AF60024CED4 /* PBXContainerItemProxy */;
		};
/* End PBXTargetDependency section */

/* Begin PBXVariantGroup section */
		53F8C42923F16AF30024CED4 /* Main.storyboard */ = {
			isa = PBXVariantGroup;
			children = (
				53F8C42A23F16AF30024CED4 /* Base */,
			);
			name = Main.storyboard;
			sourceTree = "<group>";
		};
		53F8C42E23F16AF60024CED4 /* LaunchScreen.storyboard */ = {
			isa = PBXVariantGroup;
			children = (
				53F8C42F23F16AF60024CED4 /* Base */,
			);
			name = LaunchScreen.storyboard;
			sourceTree = "<group>";
		};
/* End PBXVariantGroup section */

/* Begin XCBuildConfiguration section */
		53F8C44823F16AF60024CED4 /* Debug */ = {
			isa = XCBuildConfiguration;
			buildSettings = {
				ALWAYS_SEARCH_USER_PATHS = NO;
				CLANG_ANALYZER_NONNULL = YES;
				CLANG_ANALYZER_NUMBER_OBJECT_CONVERSION = YES_AGGRESSIVE;
				CLANG_CXX_LANGUAGE_STANDARD = "gnu++14";
				CLANG_CXX_LIBRARY = "libc++";
				CLANG_ENABLE_MODULES = YES;
				CLANG_ENABLE_OBJC_ARC = YES;
				CLANG_ENABLE_OBJC_WEAK = YES;
				CLANG_WARN_BLOCK_CAPTURE_AUTORELEASING = YES;
				CLANG_WARN_BOOL_CONVERSION = YES;
				CLANG_WARN_COMMA = YES;
				CLANG_WARN_CONSTANT_CONVERSION = YES;
				CLANG_WARN_DEPRECATED_OBJC_IMPLEMENTATIONS = YES;
				CLANG_WARN_DIRECT_OBJC_ISA_USAGE = YES_ERROR;
				CLANG_WARN_DOCUMENTATION_COMMENTS = YES;
				CLANG_WARN_EMPTY_BODY = YES;
				CLANG_WARN_ENUM_CONVERSION = YES;
				CLANG_WARN_INFINITE_RECURSION = YES;
				CLANG_WARN_INT_CONVERSION = YES;
				CLANG_WARN_NON_LITERAL_NULL_CONVERSION = YES;
				CLANG_WARN_OBJC_IMPLICIT_RETAIN_SELF = YES;
				CLANG_WARN_OBJC_LITERAL_CONVERSION = YES;
				CLANG_WARN_OBJC_ROOT_CLASS = YES_ERROR;
				CLANG_WARN_RANGE_LOOP_ANALYSIS = YES;
				CLANG_WARN_STRICT_PROTOTYPES = YES;
				CLANG_WARN_SUSPICIOUS_MOVE = YES;
				CLANG_WARN_UNGUARDED_AVAILABILITY = YES_AGGRESSIVE;
				CLANG_WARN_UNREACHABLE_CODE = YES;
				CLANG_WARN__DUPLICATE_METHOD_MATCH = YES;
				COPY_PHASE_STRIP = NO;
				DEBUG_INFORMATION_FORMAT = dwarf;
				ENABLE_STRICT_OBJC_MSGSEND = YES;
				ENABLE_TESTABILITY = YES;
				GCC_C_LANGUAGE_STANDARD = gnu11;
				GCC_DYNAMIC_NO_PIC = NO;
				GCC_NO_COMMON_BLOCKS = YES;
				GCC_OPTIMIZATION_LEVEL = 0;
				GCC_PREPROCESSOR_DEFINITIONS = (
					"DEBUG=1",
					"$(inherited)",
				);
				GCC_WARN_64_TO_32_BIT_CONVERSION = YES;
				GCC_WARN_ABOUT_RETURN_TYPE = YES_ERROR;
				GCC_WARN_UNDECLARED_SELECTOR = YES;
				GCC_WARN_UNINITIALIZED_AUTOS = YES_AGGRESSIVE;
				GCC_WARN_UNUSED_FUNCTION = YES;
				GCC_WARN_UNUSED_VARIABLE = YES;
				IPHONEOS_DEPLOYMENT_TARGET = 13.1;
				MTL_ENABLE_DEBUG_INFO = INCLUDE_SOURCE;
				MTL_FAST_MATH = YES;
				ONLY_ACTIVE_ARCH = YES;
				SDKROOT = iphoneos;
				SWIFT_ACTIVE_COMPILATION_CONDITIONS = DEBUG;
				SWIFT_OPTIMIZATION_LEVEL = "-Onone";
			};
			name = Debug;
		};
		53F8C44923F16AF60024CED4 /* Release */ = {
			isa = XCBuildConfiguration;
			buildSettings = {
				ALWAYS_SEARCH_USER_PATHS = NO;
				CLANG_ANALYZER_NONNULL = YES;
				CLANG_ANALYZER_NUMBER_OBJECT_CONVERSION = YES_AGGRESSIVE;
				CLANG_CXX_LANGUAGE_STANDARD = "gnu++14";
				CLANG_CXX_LIBRARY = "libc++";
				CLANG_ENABLE_MODULES = YES;
				CLANG_ENABLE_OBJC_ARC = YES;
				CLANG_ENABLE_OBJC_WEAK = YES;
				CLANG_WARN_BLOCK_CAPTURE_AUTORELEASING = YES;
				CLANG_WARN_BOOL_CONVERSION = YES;
				CLANG_WARN_COMMA = YES;
				CLANG_WARN_CONSTANT_CONVERSION = YES;
				CLANG_WARN_DEPRECATED_OBJC_IMPLEMENTATIONS = YES;
				CLANG_WARN_DIRECT_OBJC_ISA_USAGE = YES_ERROR;
				CLANG_WARN_DOCUMENTATION_COMMENTS = YES;
				CLANG_WARN_EMPTY_BODY = YES;
				CLANG_WARN_ENUM_CONVERSION = YES;
				CLANG_WARN_INFINITE_RECURSION = YES;
				CLANG_WARN_INT_CONVERSION = YES;
				CLANG_WARN_NON_LITERAL_NULL_CONVERSION = YES;
				CLANG_WARN_OBJC_IMPLICIT_RETAIN_SELF = YES;
				CLANG_WARN_OBJC_LITERAL_CONVERSION = YES;
				CLANG_WARN_OBJC_ROOT_CLASS = YES_ERROR;
				CLANG_WARN_RANGE_LOOP_ANALYSIS = YES;
				CLANG_WARN_STRICT_PROTOTYPES = YES;
				CLANG_WARN_SUSPICIOUS_MOVE = YES;
				CLANG_WARN_UNGUARDED_AVAILABILITY = YES_AGGRESSIVE;
				CLANG_WARN_UNREACHABLE_CODE = YES;
				CLANG_WARN__DUPLICATE_METHOD_MATCH = YES;
				COPY_PHASE_STRIP = NO;
				DEBUG_INFORMATION_FORMAT = "dwarf-with-dsym";
				ENABLE_NS_ASSERTIONS = NO;
				ENABLE_STRICT_OBJC_MSGSEND = YES;
				GCC_C_LANGUAGE_STANDARD = gnu11;
				GCC_NO_COMMON_BLOCKS = YES;
				GCC_WARN_64_TO_32_BIT_CONVERSION = YES;
				GCC_WARN_ABOUT_RETURN_TYPE = YES_ERROR;
				GCC_WARN_UNDECLARED_SELECTOR = YES;
				GCC_WARN_UNINITIALIZED_AUTOS = YES_AGGRESSIVE;
				GCC_WARN_UNUSED_FUNCTION = YES;
				GCC_WARN_UNUSED_VARIABLE = YES;
				IPHONEOS_DEPLOYMENT_TARGET = 13.1;
				MTL_ENABLE_DEBUG_INFO = NO;
				MTL_FAST_MATH = YES;
				SDKROOT = iphoneos;
				SWIFT_COMPILATION_MODE = wholemodule;
				SWIFT_OPTIMIZATION_LEVEL = "-O";
				VALIDATE_PRODUCT = YES;
			};
			name = Release;
		};
		53F8C44B23F16AF60024CED4 /* Debug */ = {
			isa = XCBuildConfiguration;
			baseConfigurationReference = 5C6593395A17F7DEF6C3D399 /* Pods-iOS-truforms.debug.xcconfig */;
			buildSettings = {
				ASSETCATALOG_COMPILER_APPICON_NAME = AppIcon;
				CODE_SIGN_STYLE = Automatic;
				DEVELOPMENT_TEAM = JM6375DKHS;
				INFOPLIST_FILE = "iOS-truforms/Info.plist";
				LD_RUNPATH_SEARCH_PATHS = (
					"$(inherited)",
					"@executable_path/Frameworks",
				);
				PRODUCT_BUNDLE_IDENTIFIER = "com.trufla.iOS-truforms";
				PRODUCT_NAME = "$(TARGET_NAME)";
				SWIFT_VERSION = 5.0;
				TARGETED_DEVICE_FAMILY = "1,2";
			};
			name = Debug;
		};
		53F8C44C23F16AF60024CED4 /* Release */ = {
			isa = XCBuildConfiguration;
			baseConfigurationReference = A29DF3D7388AE27845534756 /* Pods-iOS-truforms.release.xcconfig */;
			buildSettings = {
				ASSETCATALOG_COMPILER_APPICON_NAME = AppIcon;
				CODE_SIGN_STYLE = Automatic;
				DEVELOPMENT_TEAM = JM6375DKHS;
				INFOPLIST_FILE = "iOS-truforms/Info.plist";
				LD_RUNPATH_SEARCH_PATHS = (
					"$(inherited)",
					"@executable_path/Frameworks",
				);
				PRODUCT_BUNDLE_IDENTIFIER = "com.trufla.iOS-truforms";
				PRODUCT_NAME = "$(TARGET_NAME)";
				SWIFT_VERSION = 5.0;
				TARGETED_DEVICE_FAMILY = "1,2";
			};
			name = Release;
		};
		53F8C44E23F16AF60024CED4 /* Debug */ = {
			isa = XCBuildConfiguration;
			baseConfigurationReference = B210C041D679CBCA06908573 /* Pods-iOS-truformsTests.debug.xcconfig */;
			buildSettings = {
				ALWAYS_EMBED_SWIFT_STANDARD_LIBRARIES = YES;
				BUNDLE_LOADER = "$(TEST_HOST)";
				CODE_SIGN_STYLE = Automatic;
				DEVELOPMENT_TEAM = JM6375DKHS;
				INFOPLIST_FILE = "iOS-truformsTests/Info.plist";
				IPHONEOS_DEPLOYMENT_TARGET = 13.1;
				LD_RUNPATH_SEARCH_PATHS = (
					"$(inherited)",
					"@executable_path/Frameworks",
					"@loader_path/Frameworks",
				);
				PRODUCT_BUNDLE_IDENTIFIER = "com.trufla.iOS-truformsTests";
				PRODUCT_NAME = "$(TARGET_NAME)";
				SWIFT_VERSION = 5.0;
				TARGETED_DEVICE_FAMILY = "1,2";
				TEST_HOST = "$(BUILT_PRODUCTS_DIR)/iOS-truforms.app/iOS-truforms";
			};
			name = Debug;
		};
		53F8C44F23F16AF60024CED4 /* Release */ = {
			isa = XCBuildConfiguration;
			baseConfigurationReference = AA9E783330F862FDB53E8610 /* Pods-iOS-truformsTests.release.xcconfig */;
			buildSettings = {
				ALWAYS_EMBED_SWIFT_STANDARD_LIBRARIES = YES;
				BUNDLE_LOADER = "$(TEST_HOST)";
				CODE_SIGN_STYLE = Automatic;
				DEVELOPMENT_TEAM = JM6375DKHS;
				INFOPLIST_FILE = "iOS-truformsTests/Info.plist";
				IPHONEOS_DEPLOYMENT_TARGET = 13.1;
				LD_RUNPATH_SEARCH_PATHS = (
					"$(inherited)",
					"@executable_path/Frameworks",
					"@loader_path/Frameworks",
				);
				PRODUCT_BUNDLE_IDENTIFIER = "com.trufla.iOS-truformsTests";
				PRODUCT_NAME = "$(TARGET_NAME)";
				SWIFT_VERSION = 5.0;
				TARGETED_DEVICE_FAMILY = "1,2";
				TEST_HOST = "$(BUILT_PRODUCTS_DIR)/iOS-truforms.app/iOS-truforms";
			};
			name = Release;
		};
		53F8C45123F16AF60024CED4 /* Debug */ = {
			isa = XCBuildConfiguration;
			baseConfigurationReference = C3304A18BB96EB9FABA3A7C9 /* Pods-iOS-truforms-iOS-truformsUITests.debug.xcconfig */;
			buildSettings = {
				ALWAYS_EMBED_SWIFT_STANDARD_LIBRARIES = YES;
				CODE_SIGN_STYLE = Automatic;
				DEVELOPMENT_TEAM = JM6375DKHS;
				INFOPLIST_FILE = "iOS-truformsUITests/Info.plist";
				LD_RUNPATH_SEARCH_PATHS = (
					"$(inherited)",
					"@executable_path/Frameworks",
					"@loader_path/Frameworks",
				);
				PRODUCT_BUNDLE_IDENTIFIER = "com.trufla.iOS-truformsUITests";
				PRODUCT_NAME = "$(TARGET_NAME)";
				SWIFT_VERSION = 5.0;
				TARGETED_DEVICE_FAMILY = "1,2";
				TEST_TARGET_NAME = "iOS-truforms";
			};
			name = Debug;
		};
		53F8C45223F16AF60024CED4 /* Release */ = {
			isa = XCBuildConfiguration;
			baseConfigurationReference = 68C6EC4C1D956D07AB2764A0 /* Pods-iOS-truforms-iOS-truformsUITests.release.xcconfig */;
			buildSettings = {
				ALWAYS_EMBED_SWIFT_STANDARD_LIBRARIES = YES;
				CODE_SIGN_STYLE = Automatic;
				DEVELOPMENT_TEAM = JM6375DKHS;
				INFOPLIST_FILE = "iOS-truformsUITests/Info.plist";
				LD_RUNPATH_SEARCH_PATHS = (
					"$(inherited)",
					"@executable_path/Frameworks",
					"@loader_path/Frameworks",
				);
				PRODUCT_BUNDLE_IDENTIFIER = "com.trufla.iOS-truformsUITests";
				PRODUCT_NAME = "$(TARGET_NAME)";
				SWIFT_VERSION = 5.0;
				TARGETED_DEVICE_FAMILY = "1,2";
				TEST_TARGET_NAME = "iOS-truforms";
			};
			name = Release;
		};
/* End XCBuildConfiguration section */

/* Begin XCConfigurationList section */
		53F8C41B23F16AF30024CED4 /* Build configuration list for PBXProject "iOS-truforms" */ = {
			isa = XCConfigurationList;
			buildConfigurations = (
				53F8C44823F16AF60024CED4 /* Debug */,
				53F8C44923F16AF60024CED4 /* Release */,
			);
			defaultConfigurationIsVisible = 0;
			defaultConfigurationName = Release;
		};
		53F8C44A23F16AF60024CED4 /* Build configuration list for PBXNativeTarget "iOS-truforms" */ = {
			isa = XCConfigurationList;
			buildConfigurations = (
				53F8C44B23F16AF60024CED4 /* Debug */,
				53F8C44C23F16AF60024CED4 /* Release */,
			);
			defaultConfigurationIsVisible = 0;
			defaultConfigurationName = Release;
		};
		53F8C44D23F16AF60024CED4 /* Build configuration list for PBXNativeTarget "iOS-truformsTests" */ = {
			isa = XCConfigurationList;
			buildConfigurations = (
				53F8C44E23F16AF60024CED4 /* Debug */,
				53F8C44F23F16AF60024CED4 /* Release */,
			);
			defaultConfigurationIsVisible = 0;
			defaultConfigurationName = Release;
		};
		53F8C45023F16AF60024CED4 /* Build configuration list for PBXNativeTarget "iOS-truformsUITests" */ = {
			isa = XCConfigurationList;
			buildConfigurations = (
				53F8C45123F16AF60024CED4 /* Debug */,
				53F8C45223F16AF60024CED4 /* Release */,
			);
			defaultConfigurationIsVisible = 0;
			defaultConfigurationName = Release;
		};
/* End XCConfigurationList section */
	};
	rootObject = 53F8C41823F16AF30024CED4 /* Project object */;
}
